// !$*UTF8*$!
{
	archiveVersion = 1;
	classes = {
	};
	objectVersion = 46;
	objects = {

/* Begin PBXBuildFile section */
		104D54AF1C19FCCA00151F95 /* AppDelegate.swift in Sources */ = {isa = PBXBuildFile; fileRef = 104D54AE1C19FCCA00151F95 /* AppDelegate.swift */; };
		104D54B11C19FCCA00151F95 /* ViewController.swift in Sources */ = {isa = PBXBuildFile; fileRef = 104D54B01C19FCCA00151F95 /* ViewController.swift */; };
		104D54B41C19FCCA00151F95 /* Main.storyboard in Resources */ = {isa = PBXBuildFile; fileRef = 104D54B21C19FCCA00151F95 /* Main.storyboard */; };
		104D54B61C19FCCA00151F95 /* Assets.xcassets in Resources */ = {isa = PBXBuildFile; fileRef = 104D54B51C19FCCA00151F95 /* Assets.xcassets */; };
		104D54B91C19FCCA00151F95 /* LaunchScreen.storyboard in Resources */ = {isa = PBXBuildFile; fileRef = 104D54B71C19FCCA00151F95 /* LaunchScreen.storyboard */; };
		105796691C1CFA870027B952 /* ProductDetailViewController.swift in Sources */ = {isa = PBXBuildFile; fileRef = 105796681C1CFA870027B952 /* ProductDetailViewController.swift */; };
		1057966B1C1D0D110027B952 /* TableViewController.swift in Sources */ = {isa = PBXBuildFile; fileRef = 1057966A1C1D0D110027B952 /* TableViewController.swift */; };
/* End PBXBuildFile section */

/* Begin PBXFileReference section */
		104D54AB1C19FCCA00151F95 /* Product Caster.app */ = {isa = PBXFileReference; explicitFileType = wrapper.application; includeInIndex = 0; path = "Product Caster.app"; sourceTree = BUILT_PRODUCTS_DIR; };
		104D54AE1C19FCCA00151F95 /* AppDelegate.swift */ = {isa = PBXFileReference; lastKnownFileType = sourcecode.swift; path = AppDelegate.swift; sourceTree = "<group>"; };
		104D54B01C19FCCA00151F95 /* ViewController.swift */ = {isa = PBXFileReference; lastKnownFileType = sourcecode.swift; path = ViewController.swift; sourceTree = "<group>"; };
		104D54B31C19FCCA00151F95 /* Base */ = {isa = PBXFileReference; lastKnownFileType = file.storyboard; name = Base; path = Base.lproj/Main.storyboard; sourceTree = "<group>"; };
		104D54B51C19FCCA00151F95 /* Assets.xcassets */ = {isa = PBXFileReference; lastKnownFileType = folder.assetcatalog; path = Assets.xcassets; sourceTree = "<group>"; };
		104D54B81C19FCCA00151F95 /* Base */ = {isa = PBXFileReference; lastKnownFileType = file.storyboard; name = Base; path = Base.lproj/LaunchScreen.storyboard; sourceTree = "<group>"; };
		104D54BA1C19FCCA00151F95 /* Info.plist */ = {isa = PBXFileReference; lastKnownFileType = text.plist.xml; path = Info.plist; sourceTree = "<group>"; };
		105796681C1CFA870027B952 /* ProductDetailViewController.swift */ = {isa = PBXFileReference; fileEncoding = 4; lastKnownFileType = sourcecode.swift; path = ProductDetailViewController.swift; sourceTree = "<group>"; };
		1057966A1C1D0D110027B952 /* TableViewController.swift */ = {isa = PBXFileReference; fileEncoding = 4; lastKnownFileType = sourcecode.swift; path = TableViewController.swift; sourceTree = "<group>"; };
/* End PBXFileReference section */

/* Begin PBXFrameworksBuildPhase section */
		104D54A81C19FCCA00151F95 /* Frameworks */ = {
			isa = PBXFrameworksBuildPhase;
			buildActionMask = 2147483647;
			files = (
			);
			runOnlyForDeploymentPostprocessing = 0;
		};
/* End PBXFrameworksBuildPhase section */

/* Begin PBXGroup section */
		104D54A21C19FCCA00151F95 = {
			isa = PBXGroup;
			children = (
				104D54AD1C19FCCA00151F95 /* Product Caster */,
				104D54AC1C19FCCA00151F95 /* Products */,
			);
			sourceTree = "<group>";
		};
		104D54AC1C19FCCA00151F95 /* Products */ = {
			isa = PBXGroup;
			children = (
				104D54AB1C19FCCA00151F95 /* Product Caster.app */,
			);
			name = Products;
			sourceTree = "<group>";
		};
		104D54AD1C19FCCA00151F95 /* Product Caster */ = {
			isa = PBXGroup;
			children = (
				104D54AE1C19FCCA00151F95 /* AppDelegate.swift */,
				104D54B01C19FCCA00151F95 /* ViewController.swift */,
				104D54B21C19FCCA00151F95 /* Main.storyboard */,
				104D54B51C19FCCA00151F95 /* Assets.xcassets */,
				104D54B71C19FCCA00151F95 /* LaunchScreen.storyboard */,
				104D54BA1C19FCCA00151F95 /* Info.plist */,
				105796681C1CFA870027B952 /* ProductDetailViewController.swift */,
				1057966A1C1D0D110027B952 /* TableViewController.swift */,
			);
			path = "Product Caster";
			sourceTree = "<group>";
		};
/* End PBXGroup section */

/* Begin PBXNativeTarget section */
		104D54AA1C19FCCA00151F95 /* Product Caster */ = {
			isa = PBXNativeTarget;
			buildConfigurationList = 104D54BD1C19FCCA00151F95 /* Build configuration list for PBXNativeTarget "Product Caster" */;
			buildPhases = (
				104D54A71C19FCCA00151F95 /* Sources */,
				104D54A81C19FCCA00151F95 /* Frameworks */,
				104D54A91C19FCCA00151F95 /* Resources */,
			);
			buildRules = (
			);
			dependencies = (
			);
			name = "Product Caster";
			productName = "Product Caster";
			productReference = 104D54AB1C19FCCA00151F95 /* Product Caster.app */;
			productType = "com.apple.product-type.application";
		};
/* End PBXNativeTarget section */

/* Begin PBXProject section */
		104D54A31C19FCCA00151F95 /* Project object */ = {
			isa = PBXProject;
			attributes = {
				LastSwiftUpdateCheck = 0720;
				LastUpgradeCheck = 0720;
				ORGANIZATIONNAME = "John Pili";
				TargetAttributes = {
					104D54AA1C19FCCA00151F95 = {
						CreatedOnToolsVersion = 7.2;
						DevelopmentTeam = B4D5FJ7X98;
					};
				};
			};
			buildConfigurationList = 104D54A61C19FCCA00151F95 /* Build configuration list for PBXProject "Product Caster" */;
			compatibilityVersion = "Xcode 3.2";
			developmentRegion = English;
			hasScannedForEncodings = 0;
			knownRegions = (
				en,
				Base,
			);
			mainGroup = 104D54A21C19FCCA00151F95;
			productRefGroup = 104D54AC1C19FCCA00151F95 /* Products */;
			projectDirPath = "";
			projectRoot = "";
			targets = (
				104D54AA1C19FCCA00151F95 /* Product Caster */,
			);
		};
/* End PBXProject section */

/* Begin PBXResourcesBuildPhase section */
		104D54A91C19FCCA00151F95 /* Resources */ = {
			isa = PBXResourcesBuildPhase;
			buildActionMask = 2147483647;
			files = (
				104D54B91C19FCCA00151F95 /* LaunchScreen.storyboard in Resources */,
				104D54B61C19FCCA00151F95 /* Assets.xcassets in Resources */,
				104D54B41C19FCCA00151F95 /* Main.storyboard in Resources */,
			);
			runOnlyForDeploymentPostprocessing = 0;
		};
/* End PBXResourcesBuildPhase section */

/* Begin PBXSourcesBuildPhase section */
		104D54A71C19FCCA00151F95 /* Sources */ = {
			isa = PBXSourcesBuildPhase;
			buildActionMask = 2147483647;
			files = (
				104D54B11C19FCCA00151F95 /* ViewController.swift in Sources */,
				104D54AF1C19FCCA00151F95 /* AppDelegate.swift in Sources */,
				105796691C1CFA870027B952 /* ProductDetailViewController.swift in Sources */,
				1057966B1C1D0D110027B952 /* TableViewController.swift in Sources */,
			);
			runOnlyForDeploymentPostprocessing = 0;
		};
/* End PBXSourcesBuildPhase section */

/* Begin PBXVariantGroup section */
		104D54B21C19FCCA00151F95 /* Main.storyboard */ = {
			isa = PBXVariantGroup;
			children = (
				104D54B31C19FCCA00151F95 /* Base */,
			);
			name = Main.storyboard;
			sourceTree = "<group>";
		};
		104D54B71C19FCCA00151F95 /* LaunchScreen.storyboard */ = {
			isa = PBXVariantGroup;
			children = (
				104D54B81C19FCCA00151F95 /* Base */,
			);
			name = LaunchScreen.storyboard;
			sourceTree = "<group>";
		};
/* End PBXVariantGroup section */

/* Begin XCBuildConfiguration section */
		104D54BB1C19FCCA00151F95 /* Debug */ = {
			isa = XCBuildConfiguration;
			buildSettings = {
				ALWAYS_SEARCH_USER_PATHS = NO;
				CLANG_CXX_LANGUAGE_STANDARD = "gnu++0x";
				CLANG_CXX_LIBRARY = "libc++";
				CLANG_ENABLE_MODULES = YES;
				CLANG_ENABLE_OBJC_ARC = YES;
				CLANG_WARN_BOOL_CONVERSION = YES;
				CLANG_WARN_CONSTANT_CONVERSION = YES;
				CLANG_WARN_DIRECT_OBJC_ISA_USAGE = YES_ERROR;
				CLANG_WARN_EMPTY_BODY = YES;
				CLANG_WARN_ENUM_CONVERSION = YES;
				CLANG_WARN_INT_CONVERSION = YES;
				CLANG_WARN_OBJC_ROOT_CLASS = YES_ERROR;
				CLANG_WARN_UNREACHABLE_CODE = YES;
				CLANG_WARN__DUPLICATE_METHOD_MATCH = YES;
				"CODE_SIGN_IDENTITY[sdk=iphoneos*]" = "iPhone Developer";
				COPY_PHASE_STRIP = NO;
				DEBUG_INFORMATION_FORMAT = dwarf;
				ENABLE_STRICT_OBJC_MSGSEND = YES;
				ENABLE_TESTABILITY = YES;
				GCC_C_LANGUAGE_STANDARD = gnu99;
				GCC_DYNAMIC_NO_PIC = NO;
				GCC_NO_COMMON_BLOCKS = YES;
				GCC_OPTIMIZATION_LEVEL = 0;
				GCC_PREPROCESSOR_DEFINITIONS = (
					"DEBUG=1",
					"$(inherited)",
				);
				GCC_WARN_64_TO_32_BIT_CONVERSION = YES;
				GCC_WARN_ABOUT_RETURN_TYPE = YES_ERROR;
				GCC_WARN_UNDECLARED_SELECTOR = YES;
				GCC_WARN_UNINITIALIZED_AUTOS = YES_AGGRESSIVE;
				GCC_WARN_UNUSED_FUNCTION = YES;
				GCC_WARN_UNUSED_VARIABLE = YES;
				IPHONEOS_DEPLOYMENT_TARGET = 9.2;
				MTL_ENABLE_DEBUG_INFO = YES;
				ONLY_ACTIVE_ARCH = YES;
				SDKROOT = iphoneos;
				SWIFT_OPTIMIZATION_LEVEL = "-Onone";
			};
			name = Debug;
		};
		104D54BC1C19FCCA00151F95 /* Release */ = {
			isa = XCBuildConfiguration;
			buildSettings = {
				ALWAYS_SEARCH_USER_PATHS = NO;
				CLANG_CXX_LANGUAGE_STANDARD = "gnu++0x";
				CLANG_CXX_LIBRARY = "libc++";
				CLANG_ENABLE_MODULES = YES;
				CLANG_ENABLE_OBJC_ARC = YES;
				CLANG_WARN_BOOL_CONVERSION = YES;
				CLANG_WARN_CONSTANT_CONVERSION = YES;
				CLANG_WARN_DIRECT_OBJC_ISA_USAGE = YES_ERROR;
				CLANG_WARN_EMPTY_BODY = YES;
				CLANG_WARN_ENUM_CONVERSION = YES;
				CLANG_WARN_INT_CONVERSION = YES;
				CLANG_WARN_OBJC_ROOT_CLASS = YES_ERROR;
				CLANG_WARN_UNREACHABLE_CODE = YES;
				CLANG_WARN__DUPLICATE_METHOD_MATCH = YES;
				"CODE_SIGN_IDENTITY[sdk=iphoneos*]" = "iPhone Developer";
				COPY_PHASE_STRIP = NO;
				DEBUG_INFORMATION_FORMAT = "dwarf-with-dsym";
				ENABLE_NS_ASSERTIONS = NO;
				ENABLE_STRICT_OBJC_MSGSEND = YES;
				GCC_C_LANGUAGE_STANDARD = gnu99;
				GCC_NO_COMMON_BLOCKS = YES;
				GCC_WARN_64_TO_32_BIT_CONVERSION = YES;
				GCC_WARN_ABOUT_RETURN_TYPE = YES_ERROR;
				GCC_WARN_UNDECLARED_SELECTOR = YES;
				GCC_WARN_UNINITIALIZED_AUTOS = YES_AGGRESSIVE;
				GCC_WARN_UNUSED_FUNCTION = YES;
				GCC_WARN_UNUSED_VARIABLE = YES;
				IPHONEOS_DEPLOYMENT_TARGET = 9.2;
				MTL_ENABLE_DEBUG_INFO = NO;
				SDKROOT = iphoneos;
				VALIDATE_PRODUCT = YES;
			};
			name = Release;
		};
		104D54BE1C19FCCA00151F95 /* Debug */ = {
			isa = XCBuildConfiguration;
			buildSettings = {
				ASSETCATALOG_COMPILER_APPICON_NAME = AppIcon;
				INFOPLIST_FILE = "Product Caster/Info.plist";
				IPHONEOS_DEPLOYMENT_TARGET = 9.1;
				LD_RUNPATH_SEARCH_PATHS = "$(inherited) @executable_path/Frameworks";
				PRODUCT_BUNDLE_IDENTIFIER = "com.johnpili.Product-Caster";
				PRODUCT_NAME = "$(TARGET_NAME)";
			};
			name = Debug;
		};
		104D54BF1C19FCCA00151F95 /* Release */ = {
			isa = XCBuildConfiguration;
			buildSettings = {
				ASSETCATALOG_COMPILER_APPICON_NAME = AppIcon;
				INFOPLIST_FILE = "Product Caster/Info.plist";
				IPHONEOS_DEPLOYMENT_TARGET = 9.1;
				LD_RUNPATH_SEARCH_PATHS = "$(inherited) @executable_path/Frameworks";
				PRODUCT_BUNDLE_IDENTIFIER = "com.johnpili.Product-Caster";
				PRODUCT_NAME = "$(TARGET_NAME)";
			};
			name = Release;
		};
/* End XCBuildConfiguration section */

/* Begin XCConfigurationList section */
		104D54A61C19FCCA00151F95 /* Build configuration list for PBXProject "Product Caster" */ = {
			isa = XCConfigurationList;
			buildConfigurations = (
				104D54BB1C19FCCA00151F95 /* Debug */,
				104D54BC1C19FCCA00151F95 /* Release */,
			);
			defaultConfigurationIsVisible = 0;
			defaultConfigurationName = Release;
		};
		104D54BD1C19FCCA00151F95 /* Build configuration list for PBXNativeTarget "Product Caster" */ = {
			isa = XCConfigurationList;
			buildConfigurations = (
				104D54BE1C19FCCA00151F95 /* Debug */,
				104D54BF1C19FCCA00151F95 /* Release */,
			);
			defaultConfigurationIsVisible = 0;
			defaultConfigurationName = Release;
		};
/* End XCConfigurationList section */
	};
	rootObject = 104D54A31C19FCCA00151F95 /* Project object */;
}
